
Microsoft Visual Studio Solution File, Format Version 12.00
# Visual Studio Version 16
VisualStudioVersion = 16.0.31105.61
MinimumVisualStudioVersion = 10.0.40219.1
Project("{FAE04EC0-301F-11D3-BF4B-00C04F79EFBC}") = "EncryptCSharp", "EncryptCSharp.csproj", "{658EAEB9-F3DB-4C26-B274-DDD1B457078F}"
EndProject
Global
	GlobalSection(SolutionConfigurationPlatforms) = preSolution
		Debug|Any CPU = Debug|Any CPU
		Release|Any CPU = Release|Any CPU
	EndGlobalSection
	GlobalSection(ProjectConfigurationPlatforms) = postSolution
		{658EAEB9-F3DB-4C26-B274-DDD1B457078F}.Debug|Any CPU.ActiveCfg = Debug|Any CPU
		{658EAEB9-F3DB-4C26-B274-DDD1B457078F}.Debug|Any CPU.Build.0 = Debug|Any CPU
		{658EAEB9-F3DB-4C26-B274-DDD1B457078F}.Release|Any CPU.ActiveCfg = Release|Any CPU
		{658EAEB9-F3DB-4C26-B274-DDD1B457078F}.Release|Any CPU.Build.0 = Release|Any CPU
	EndGlobalSection
	GlobalSection(SolutionProperties) = preSolution
		HideSolutionNode = FALSE
	EndGlobalSection
	GlobalSection(ExtensibilityGlobals) = postSolution
		SolutionGuid = {0C273C20-9F7F-4276-B877-5A1F0ACA7FBD}
	EndGlobalSection
EndGlobal
